{
  "name": "headnote_game_of_life",
  "version": "1.0.1",
  "lockfileVersion": 2,
  "requires": true,
  "packages": {
    "": {
      "name": "headnote_game_of_life",
      "version": "1.0.1",
      "dependencies": {
        "blessed": "0.0.51"
      }
    },
    "node_modules/blessed": {
      "version": "0.0.51",
      "resolved": "https://registry.npmjs.org/blessed/-/blessed-0.0.51.tgz",
      "integrity": "sha1-ED8hegxTaXJ8/kfzBpXhsfYVyq4=",
      "bin": {
        "blessed": "bin/tput.js"
      }
    }
  },
  "dependencies": {
    "blessed": {
      "version": "0.0.51",
      "resolved": "https://registry.npmjs.org/blessed/-/blessed-0.0.51.tgz",
      "integrity": "sha1-ED8hegxTaXJ8/kfzBpXhsfYVyq4="
    }
  }
}
